
Microsoft Visual Studio Solution File, Format Version 12.00
# Visual Studio Version 16
VisualStudioVersion = 16.0.29806.167
MinimumVisualStudioVersion = 10.0.40219.1
Project("{FAE04EC0-301F-11D3-BF4B-00C04F79EFBC}") = "SpaceWar", "SpaceWar\SpaceWar.csproj", "{820CB914-C8C1-4702-819A-58593E5E8958}"
EndProject
Global
	GlobalSection(SolutionConfigurationPlatforms) = preSolution
		Debug|Any CPU = Debug|Any CPU
		Release|Any CPU = Release|Any CPU
	EndGlobalSection
	GlobalSection(ProjectConfigurationPlatforms) = postSolution
		{820CB914-C8C1-4702-819A-58593E5E8958}.Debug|Any CPU.ActiveCfg = Debug|Any CPU
		{820CB914-C8C1-4702-819A-58593E5E8958}.Debug|Any CPU.Build.0 = Debug|Any CPU
		{820CB914-C8C1-4702-819A-58593E5E8958}.Release|Any CPU.ActiveCfg = Release|Any CPU
		{820CB914-C8C1-4702-819A-58593E5E8958}.Release|Any CPU.Build.0 = Release|Any CPU
	EndGlobalSection
	GlobalSection(SolutionProperties) = preSolution
		HideSolutionNode = FALSE
	EndGlobalSection
	GlobalSection(ExtensibilityGlobals) = postSolution
		SolutionGuid = {24E707C2-F973-4E0F-BA58-14C4C25BD6E4}
	EndGlobalSection
EndGlobal
